
Microsoft Visual Studio Solution File, Format Version 12.00
# Visual Studio Version 16
VisualStudioVersion = 16.0.31911.196
MinimumVisualStudioVersion = 10.0.40219.1
Project("{FAE04EC0-301F-11D3-BF4B-00C04F79EFBC}") = "RWM WEB - Project", "RWM WEB - Project\RWM WEB - Project.csproj", "{6D224141-9EA7-43F9-ADE1-489B7BDD064D}"
EndProject
Global
	GlobalSection(SolutionConfigurationPlatforms) = preSolution
		Debug|Any CPU = Debug|Any CPU
		Release|Any CPU = Release|Any CPU
	EndGlobalSection
	GlobalSection(ProjectConfigurationPlatforms) = postSolution
		{6D224141-9EA7-43F9-ADE1-489B7BDD064D}.Debug|Any CPU.ActiveCfg = Debug|Any CPU
		{6D224141-9EA7-43F9-ADE1-489B7BDD064D}.Debug|Any CPU.Build.0 = Debug|Any CPU
		{6D224141-9EA7-43F9-ADE1-489B7BDD064D}.Release|Any CPU.ActiveCfg = Release|Any CPU
		{6D224141-9EA7-43F9-ADE1-489B7BDD064D}.Release|Any CPU.Build.0 = Release|Any CPU
	EndGlobalSection
	GlobalSection(SolutionProperties) = preSolution
		HideSolutionNode = FALSE
	EndGlobalSection
	GlobalSection(ExtensibilityGlobals) = postSolution
		SolutionGuid = {3162B734-5AC4-4200-8EF1-3A3520A42830}
	EndGlobalSection
EndGlobal
